
Microsoft Visual Studio Solution File, Format Version 12.00
# Visual Studio Version 17
VisualStudioVersion = 17.10.35004.147
MinimumVisualStudioVersion = 10.0.40219.1
Project("{FAE04EC0-301F-11D3-BF4B-00C04F79EFBC}") = "SpecFlowProject1", "SpecFlowProject1\SpecFlowProject1.csproj", "{C09E5964-D744-43A2-898F-6159ADED3983}"
EndProject
Global
	GlobalSection(SolutionConfigurationPlatforms) = preSolution
		Debug|Any CPU = Debug|Any CPU
		Release|Any CPU = Release|Any CPU
	EndGlobalSection
	GlobalSection(ProjectConfigurationPlatforms) = postSolution
		{C09E5964-D744-43A2-898F-6159ADED3983}.Debug|Any CPU.ActiveCfg = Debug|Any CPU
		{C09E5964-D744-43A2-898F-6159ADED3983}.Debug|Any CPU.Build.0 = Debug|Any CPU
		{C09E5964-D744-43A2-898F-6159ADED3983}.Release|Any CPU.ActiveCfg = Release|Any CPU
		{C09E5964-D744-43A2-898F-6159ADED3983}.Release|Any CPU.Build.0 = Release|Any CPU
	EndGlobalSection
	GlobalSection(SolutionProperties) = preSolution
		HideSolutionNode = FALSE
	EndGlobalSection
	GlobalSection(ExtensibilityGlobals) = postSolution
		SolutionGuid = {AFF9A373-1951-4E48-8B57-3C9A7BF71DD9}
	EndGlobalSection
EndGlobal
